
Microsoft Visual Studio Solution File, Format Version 12.00
# Visual Studio 14
VisualStudioVersion = 14.0.23107.0
MinimumVisualStudioVersion = 10.0.40219.1
Project("{FAE04EC0-301F-11D3-BF4B-00C04F79EFBC}") = "MealOrder", "MealOrder\MealOrder.csproj", "{E01321FE-5CC1-4703-9CE8-A4DDE8140D3A}"
EndProject
Project("{FAE04EC0-301F-11D3-BF4B-00C04F79EFBC}") = "MealOrderTests", "MealOrderTests\MealOrderTests.csproj", "{FDB698E7-4F05-4C52-BA33-B0DC17839101}"
EndProject
Global
	GlobalSection(SolutionConfigurationPlatforms) = preSolution
		Debug|Any CPU = Debug|Any CPU
		Release|Any CPU = Release|Any CPU
	EndGlobalSection
	GlobalSection(ProjectConfigurationPlatforms) = postSolution
		{E01321FE-5CC1-4703-9CE8-A4DDE8140D3A}.Debug|Any CPU.ActiveCfg = Debug|Any CPU
		{E01321FE-5CC1-4703-9CE8-A4DDE8140D3A}.Debug|Any CPU.Build.0 = Debug|Any CPU
		{E01321FE-5CC1-4703-9CE8-A4DDE8140D3A}.Release|Any CPU.ActiveCfg = Release|Any CPU
		{E01321FE-5CC1-4703-9CE8-A4DDE8140D3A}.Release|Any CPU.Build.0 = Release|Any CPU
		{FDB698E7-4F05-4C52-BA33-B0DC17839101}.Debug|Any CPU.ActiveCfg = Debug|Any CPU
		{FDB698E7-4F05-4C52-BA33-B0DC17839101}.Debug|Any CPU.Build.0 = Debug|Any CPU
		{FDB698E7-4F05-4C52-BA33-B0DC17839101}.Release|Any CPU.ActiveCfg = Release|Any CPU
		{FDB698E7-4F05-4C52-BA33-B0DC17839101}.Release|Any CPU.Build.0 = Release|Any CPU
	EndGlobalSection
	GlobalSection(SolutionProperties) = preSolution
		HideSolutionNode = FALSE
	EndGlobalSection
EndGlobal
